
Microsoft Visual Studio Solution File, Format Version 12.00
# Visual Studio Version 17
VisualStudioVersion = 17.4.33110.190
MinimumVisualStudioVersion = 10.0.40219.1
Project("{9A19103F-16F7-4668-BE54-9A1E7A4F7556}") = "Story", "Story.csproj", "{C6126D10-DBDD-4C61-BF60-16D9FDBD54E6}"
EndProject
Global
	GlobalSection(SolutionConfigurationPlatforms) = preSolution
		Debug|Any CPU = Debug|Any CPU
		Release|Any CPU = Release|Any CPU
	EndGlobalSection
	GlobalSection(ProjectConfigurationPlatforms) = postSolution
		{C6126D10-DBDD-4C61-BF60-16D9FDBD54E6}.Debug|Any CPU.ActiveCfg = Debug|Any CPU
		{C6126D10-DBDD-4C61-BF60-16D9FDBD54E6}.Debug|Any CPU.Build.0 = Debug|Any CPU
		{C6126D10-DBDD-4C61-BF60-16D9FDBD54E6}.Release|Any CPU.ActiveCfg = Release|Any CPU
		{C6126D10-DBDD-4C61-BF60-16D9FDBD54E6}.Release|Any CPU.Build.0 = Release|Any CPU
	EndGlobalSection
	GlobalSection(SolutionProperties) = preSolution
		HideSolutionNode = FALSE
	EndGlobalSection
	GlobalSection(ExtensibilityGlobals) = postSolution
		SolutionGuid = {E19403E4-1EA8-4183-9126-1030FB319B15}
	EndGlobalSection
EndGlobal
